
Microsoft Visual Studio Solution File, Format Version 12.00
# Visual Studio 2012
Project("{FAE04EC0-301F-11D3-BF4B-00C04F79EFBC}") = "LMG.1POE.Silverlight", "LMG.1POE.Silverlight\LMG.1POE.Silverlight.csproj", "{4CB51D4B-64ED-40FA-B946-19E97966D56F}"
EndProject
Project("{E24C65DC-7377-472B-9ABA-BC803B73C61A}") = "LMG.1POE.Silverlight.Web", "http://localhost:22341", "{8771CDB8-40C1-4808-A8C4-DACF1475A674}"
	ProjectSection(WebsiteProperties) = preProject
		UseIISExpress = "true"
		TargetFrameworkMoniker = ".NETFramework,Version%3Dv4.5"
		Debug.AspNetCompiler.VirtualPath = "/localhost_22341"
		Debug.AspNetCompiler.PhysicalPath = "LMG.1POE.Silverlight.Web\"
		Debug.AspNetCompiler.TargetPath = "PrecompiledWeb\localhost_22341\"
		Debug.AspNetCompiler.Updateable = "true"
		Debug.AspNetCompiler.ForceOverwrite = "true"
		Debug.AspNetCompiler.FixedNames = "false"
		Debug.AspNetCompiler.Debug = "True"
		Release.AspNetCompiler.VirtualPath = "/localhost_22341"
		Release.AspNetCompiler.PhysicalPath = "LMG.1POE.Silverlight.Web\"
		Release.AspNetCompiler.TargetPath = "PrecompiledWeb\localhost_22341\"
		Release.AspNetCompiler.Updateable = "true"
		Release.AspNetCompiler.ForceOverwrite = "true"
		Release.AspNetCompiler.FixedNames = "false"
		Release.AspNetCompiler.Debug = "False"
		SlnRelativePath = "LMG.1POE.Silverlight.Web\"
		DefaultWebSiteLanguage = "Visual C#"
		ProjOutputReferences = "{4CB51D4B-64ED-40FA-B946-19E97966D56F}|ClientBin|false;"
	EndProjectSection
EndProject
Project("{FAE04EC0-301F-11D3-BF4B-00C04F79EFBC}") = "LMG.1POE.Service", "LMG.1POE.Service\LMG.1POE.Service.csproj", "{FDDE3439-8B0B-4AD8-BD8A-EE22E30BA842}"
EndProject
Project("{FAE04EC0-301F-11D3-BF4B-00C04F79EFBC}") = "LMG.1POE.Tests", "LMG.1POE.Tests\LMG.1POE.Tests.csproj", "{D1B01E12-143F-4C8C-AFB5-38A86245374B}"
EndProject
Project("{FAE04EC0-301F-11D3-BF4B-00C04F79EFBC}") = "LMG.1POE.WebApp", "LMG.1POE.WebApp\LMG.1POE.WebApp.csproj", "{48BCB4BD-A298-4E03-A3EA-D426AA84A017}"
EndProject
Global
	GlobalSection(SolutionConfigurationPlatforms) = preSolution
		Debug|Any CPU = Debug|Any CPU
		Release|Any CPU = Release|Any CPU
	EndGlobalSection
	GlobalSection(ProjectConfigurationPlatforms) = postSolution
		{4CB51D4B-64ED-40FA-B946-19E97966D56F}.Debug|Any CPU.ActiveCfg = Debug|Any CPU
		{4CB51D4B-64ED-40FA-B946-19E97966D56F}.Debug|Any CPU.Build.0 = Debug|Any CPU
		{4CB51D4B-64ED-40FA-B946-19E97966D56F}.Release|Any CPU.ActiveCfg = Release|Any CPU
		{4CB51D4B-64ED-40FA-B946-19E97966D56F}.Release|Any CPU.Build.0 = Release|Any CPU
		{8771CDB8-40C1-4808-A8C4-DACF1475A674}.Debug|Any CPU.ActiveCfg = Debug|Any CPU
		{8771CDB8-40C1-4808-A8C4-DACF1475A674}.Debug|Any CPU.Build.0 = Debug|Any CPU
		{8771CDB8-40C1-4808-A8C4-DACF1475A674}.Release|Any CPU.ActiveCfg = Debug|Any CPU
		{8771CDB8-40C1-4808-A8C4-DACF1475A674}.Release|Any CPU.Build.0 = Debug|Any CPU
		{FDDE3439-8B0B-4AD8-BD8A-EE22E30BA842}.Debug|Any CPU.ActiveCfg = Debug|Any CPU
		{FDDE3439-8B0B-4AD8-BD8A-EE22E30BA842}.Debug|Any CPU.Build.0 = Debug|Any CPU
		{FDDE3439-8B0B-4AD8-BD8A-EE22E30BA842}.Release|Any CPU.ActiveCfg = Release|Any CPU
		{FDDE3439-8B0B-4AD8-BD8A-EE22E30BA842}.Release|Any CPU.Build.0 = Release|Any CPU
		{D1B01E12-143F-4C8C-AFB5-38A86245374B}.Debug|Any CPU.ActiveCfg = Debug|Any CPU
		{D1B01E12-143F-4C8C-AFB5-38A86245374B}.Debug|Any CPU.Build.0 = Debug|Any CPU
		{D1B01E12-143F-4C8C-AFB5-38A86245374B}.Release|Any CPU.ActiveCfg = Release|Any CPU
		{D1B01E12-143F-4C8C-AFB5-38A86245374B}.Release|Any CPU.Build.0 = Release|Any CPU
		{48BCB4BD-A298-4E03-A3EA-D426AA84A017}.Debug|Any CPU.ActiveCfg = Debug|Any CPU
		{48BCB4BD-A298-4E03-A3EA-D426AA84A017}.Debug|Any CPU.Build.0 = Debug|Any CPU
		{48BCB4BD-A298-4E03-A3EA-D426AA84A017}.Release|Any CPU.ActiveCfg = Release|Any CPU
		{48BCB4BD-A298-4E03-A3EA-D426AA84A017}.Release|Any CPU.Build.0 = Release|Any CPU
	EndGlobalSection
	GlobalSection(SolutionProperties) = preSolution
		HideSolutionNode = FALSE
	EndGlobalSection
EndGlobal
